
Microsoft Visual Studio Solution File, Format Version 12.00
# Visual Studio 15
VisualStudioVersion = 15.0.27004.2008
MinimumVisualStudioVersion = 10.0.40219.1
Project("{FAE04EC0-301F-11D3-BF4B-00C04F79EFBC}") = "liigaasta", "liigaasta\liigaasta.csproj", "{499BCEB6-6F6A-4E61-B479-6F3FA32CE452}"
EndProject
Global
	GlobalSection(SolutionConfigurationPlatforms) = preSolution
		Debug|Any CPU = Debug|Any CPU
		Release|Any CPU = Release|Any CPU
	EndGlobalSection
	GlobalSection(ProjectConfigurationPlatforms) = postSolution
		{499BCEB6-6F6A-4E61-B479-6F3FA32CE452}.Debug|Any CPU.ActiveCfg = Debug|Any CPU
		{499BCEB6-6F6A-4E61-B479-6F3FA32CE452}.Debug|Any CPU.Build.0 = Debug|Any CPU
		{499BCEB6-6F6A-4E61-B479-6F3FA32CE452}.Release|Any CPU.ActiveCfg = Release|Any CPU
		{499BCEB6-6F6A-4E61-B479-6F3FA32CE452}.Release|Any CPU.Build.0 = Release|Any CPU
	EndGlobalSection
	GlobalSection(SolutionProperties) = preSolution
		HideSolutionNode = FALSE
	EndGlobalSection
	GlobalSection(ExtensibilityGlobals) = postSolution
		SolutionGuid = {6B29CF68-AADB-493D-8F58-F35C6AAF3914}
	EndGlobalSection
EndGlobal
